
Microsoft Visual Studio Solution File, Format Version 12.00
# Visual Studio Version 16
VisualStudioVersion = 25.0.1706.12
MinimumVisualStudioVersion = 10.0.40219.1
Project("{FAE04EC0-301F-11D3-BF4B-00C04F79EFBC}") = "AidCare", "AidCare\AidCare.csproj", "{3F3D7C85-B022-4607-8D31-CA504FE1C266}"
EndProject
Project("{FAE04EC0-301F-11D3-BF4B-00C04F79EFBC}") = "AidCare.API", "AidCare.API\AidCare.API.csproj", "{EBE9DA62-1603-4364-9B26-36DB38979BA1}"
EndProject
Project("{FAE04EC0-301F-11D3-BF4B-00C04F79EFBC}") = "AidCare.Business", "AidCare.Business\AidCare.Business.csproj", "{56F6BFC8-C0D4-4697-8FD6-D007E2F40E4E}"
EndProject
Project("{FAE04EC0-301F-11D3-BF4B-00C04F79EFBC}") = "AidCare.DataAccess", "AidCare.DataAccess\AidCare.DataAccess.csproj", "{1F19102A-3595-4770-9CB8-CF865B1C391E}"
EndProject
Project("{FAE04EC0-301F-11D3-BF4B-00C04F79EFBC}") = "AidCare.Entities", "AidCare.Entities\AidCare.Entities.csproj", "{3017A767-86C9-4405-8653-7F572162DC7F}"
EndProject
Global
	GlobalSection(SolutionConfigurationPlatforms) = preSolution
		Debug|Any CPU = Debug|Any CPU
		Release|Any CPU = Release|Any CPU
	EndGlobalSection
	GlobalSection(ProjectConfigurationPlatforms) = postSolution
		{3F3D7C85-B022-4607-8D31-CA504FE1C266}.Debug|Any CPU.ActiveCfg = Debug|Any CPU
		{3F3D7C85-B022-4607-8D31-CA504FE1C266}.Debug|Any CPU.Build.0 = Debug|Any CPU
		{3F3D7C85-B022-4607-8D31-CA504FE1C266}.Release|Any CPU.ActiveCfg = Release|Any CPU
		{3F3D7C85-B022-4607-8D31-CA504FE1C266}.Release|Any CPU.Build.0 = Release|Any CPU
		{EBE9DA62-1603-4364-9B26-36DB38979BA1}.Debug|Any CPU.ActiveCfg = Debug|Any CPU
		{EBE9DA62-1603-4364-9B26-36DB38979BA1}.Debug|Any CPU.Build.0 = Debug|Any CPU
		{EBE9DA62-1603-4364-9B26-36DB38979BA1}.Release|Any CPU.ActiveCfg = Release|Any CPU
		{EBE9DA62-1603-4364-9B26-36DB38979BA1}.Release|Any CPU.Build.0 = Release|Any CPU
		{56F6BFC8-C0D4-4697-8FD6-D007E2F40E4E}.Debug|Any CPU.ActiveCfg = Debug|Any CPU
		{56F6BFC8-C0D4-4697-8FD6-D007E2F40E4E}.Debug|Any CPU.Build.0 = Debug|Any CPU
		{56F6BFC8-C0D4-4697-8FD6-D007E2F40E4E}.Release|Any CPU.ActiveCfg = Release|Any CPU
		{56F6BFC8-C0D4-4697-8FD6-D007E2F40E4E}.Release|Any CPU.Build.0 = Release|Any CPU
		{1F19102A-3595-4770-9CB8-CF865B1C391E}.Debug|Any CPU.ActiveCfg = Debug|Any CPU
		{1F19102A-3595-4770-9CB8-CF865B1C391E}.Debug|Any CPU.Build.0 = Debug|Any CPU
		{1F19102A-3595-4770-9CB8-CF865B1C391E}.Release|Any CPU.ActiveCfg = Release|Any CPU
		{1F19102A-3595-4770-9CB8-CF865B1C391E}.Release|Any CPU.Build.0 = Release|Any CPU
		{3017A767-86C9-4405-8653-7F572162DC7F}.Debug|Any CPU.ActiveCfg = Debug|Any CPU
		{3017A767-86C9-4405-8653-7F572162DC7F}.Debug|Any CPU.Build.0 = Debug|Any CPU
		{3017A767-86C9-4405-8653-7F572162DC7F}.Release|Any CPU.ActiveCfg = Release|Any CPU
		{3017A767-86C9-4405-8653-7F572162DC7F}.Release|Any CPU.Build.0 = Release|Any CPU
	EndGlobalSection
	GlobalSection(SolutionProperties) = preSolution
		HideSolutionNode = FALSE
	EndGlobalSection
	GlobalSection(ExtensibilityGlobals) = postSolution
		SolutionGuid = {EAB675F7-7045-4D2F-A708-B38CA91DE5C5}
	EndGlobalSection
EndGlobal
